
Microsoft Visual Studio Solution File, Format Version 12.00
# Visual Studio Version 16
VisualStudioVersion = 16.0.29102.190
MinimumVisualStudioVersion = 10.0.40219.1
Project("{FAE04EC0-301F-11D3-BF4B-00C04F79EFBC}") = "GameStore.Domain", "GameStore.Domain\GameStore.Domain.csproj", "{3B487EDD-4EE4-4AFD-8025-0FFA572B93DB}"
EndProject
Project("{FAE04EC0-301F-11D3-BF4B-00C04F79EFBC}") = "GameStore.WebUI", "GameStore.WebUI\GameStore.WebUI.csproj", "{2BBB5C4D-C343-44E5-8C86-8C5F6D42B6F1}"
EndProject
Project("{FAE04EC0-301F-11D3-BF4B-00C04F79EFBC}") = "GameStore.UnitTests", "GameStore.UnitTests\GameStore.UnitTests.csproj", "{B86B76D2-9AEA-409A-AC9E-31955164C7A2}"
EndProject
Global
	GlobalSection(SolutionConfigurationPlatforms) = preSolution
		Debug|Any CPU = Debug|Any CPU
		Release|Any CPU = Release|Any CPU
	EndGlobalSection
	GlobalSection(ProjectConfigurationPlatforms) = postSolution
		{3B487EDD-4EE4-4AFD-8025-0FFA572B93DB}.Debug|Any CPU.ActiveCfg = Debug|Any CPU
		{3B487EDD-4EE4-4AFD-8025-0FFA572B93DB}.Debug|Any CPU.Build.0 = Debug|Any CPU
		{3B487EDD-4EE4-4AFD-8025-0FFA572B93DB}.Release|Any CPU.ActiveCfg = Release|Any CPU
		{3B487EDD-4EE4-4AFD-8025-0FFA572B93DB}.Release|Any CPU.Build.0 = Release|Any CPU
		{2BBB5C4D-C343-44E5-8C86-8C5F6D42B6F1}.Debug|Any CPU.ActiveCfg = Debug|Any CPU
		{2BBB5C4D-C343-44E5-8C86-8C5F6D42B6F1}.Debug|Any CPU.Build.0 = Debug|Any CPU
		{2BBB5C4D-C343-44E5-8C86-8C5F6D42B6F1}.Release|Any CPU.ActiveCfg = Release|Any CPU
		{2BBB5C4D-C343-44E5-8C86-8C5F6D42B6F1}.Release|Any CPU.Build.0 = Release|Any CPU
		{B86B76D2-9AEA-409A-AC9E-31955164C7A2}.Debug|Any CPU.ActiveCfg = Debug|Any CPU
		{B86B76D2-9AEA-409A-AC9E-31955164C7A2}.Debug|Any CPU.Build.0 = Debug|Any CPU
		{B86B76D2-9AEA-409A-AC9E-31955164C7A2}.Release|Any CPU.ActiveCfg = Release|Any CPU
		{B86B76D2-9AEA-409A-AC9E-31955164C7A2}.Release|Any CPU.Build.0 = Release|Any CPU
	EndGlobalSection
	GlobalSection(SolutionProperties) = preSolution
		HideSolutionNode = FALSE
	EndGlobalSection
	GlobalSection(ExtensibilityGlobals) = postSolution
		SolutionGuid = {429CF66E-D236-47DF-BE6D-C18041456F67}
	EndGlobalSection
EndGlobal
